
Microsoft Visual Studio Solution File, Format Version 12.00
# Visual Studio Version 17
VisualStudioVersion = 17.0.32014.148
MinimumVisualStudioVersion = 10.0.40219.1
Project("{FAE04EC0-301F-11D3-BF4B-00C04F79EFBC}") = "Wordle Clone", "Wordle Clone\Wordle Clone.csproj", "{A91504EA-3195-464C-94F3-FD713D1E5AA2}"
EndProject
Project("{FAE04EC0-301F-11D3-BF4B-00C04F79EFBC}") = "Wordle Clone GUI", "Wordle Clone GUI\Wordle Clone GUI.csproj", "{39305D2E-2CCA-4E22-B430-90C4CF070464}"
EndProject
Global
	GlobalSection(SolutionConfigurationPlatforms) = preSolution
		Debug|Any CPU = Debug|Any CPU
		Release|Any CPU = Release|Any CPU
	EndGlobalSection
	GlobalSection(ProjectConfigurationPlatforms) = postSolution
		{A91504EA-3195-464C-94F3-FD713D1E5AA2}.Debug|Any CPU.ActiveCfg = Debug|Any CPU
		{A91504EA-3195-464C-94F3-FD713D1E5AA2}.Debug|Any CPU.Build.0 = Debug|Any CPU
		{A91504EA-3195-464C-94F3-FD713D1E5AA2}.Release|Any CPU.ActiveCfg = Release|Any CPU
		{A91504EA-3195-464C-94F3-FD713D1E5AA2}.Release|Any CPU.Build.0 = Release|Any CPU
		{39305D2E-2CCA-4E22-B430-90C4CF070464}.Debug|Any CPU.ActiveCfg = Debug|Any CPU
		{39305D2E-2CCA-4E22-B430-90C4CF070464}.Debug|Any CPU.Build.0 = Debug|Any CPU
		{39305D2E-2CCA-4E22-B430-90C4CF070464}.Release|Any CPU.ActiveCfg = Release|Any CPU
		{39305D2E-2CCA-4E22-B430-90C4CF070464}.Release|Any CPU.Build.0 = Release|Any CPU
	EndGlobalSection
	GlobalSection(SolutionProperties) = preSolution
		HideSolutionNode = FALSE
	EndGlobalSection
	GlobalSection(ExtensibilityGlobals) = postSolution
		SolutionGuid = {66B9BD18-7B1C-4693-97D7-A41B070C88A7}
	EndGlobalSection
EndGlobal
